{
  "pins" : [
    {
      "identity" : "zipfoundation",
      "kind" : "remoteSourceControl",
      "location" : "https://github.com/readium/ZIPFoundation.git",
      "state" : {
        "revision" : "adb49c8bfe060cc187370b12fa081012a6440b86",
        "version" : "3.0.1"
      }
    }
  ],
  "version" : 2
}
