// !$*UTF8*$!
{
	archiveVersion = 1;
	classes = {
	};
	objectVersion = 77;
	objects = {

/* Begin PBXBuildFile section */
		019EED415FC533C1F03B245F /* ReadiumNavigator in Frameworks */ = {isa = PBXBuildFile; productRef = 1E5D54D0D74742D43FD22580 /* ReadiumNavigator */; };
		0886402407784524318950E4 /* BookCoverSearchView.swift in Sources */ = {isa = PBXBuildFile; fileRef = A0B4246095AE328B93E305E4 /* BookCoverSearchView.swift */; };
		0C485B0A9B02FCB6F5DE0CE5 /* BookCharactersModel.swift in Sources */ = {isa = PBXBuildFile; fileRef = 77A6A822B7A0704477463A1A /* BookCharactersModel.swift */; };
		0FA1DC94B3A996CCA411C051 /* ShelfViews.swift in Sources */ = {isa = PBXBuildFile; fileRef = F2A000AF2B1F60B26DB152AD /* ShelfViews.swift */; };
		116F8C245B899EE9BE56335E /* PagedTextReader.swift in Sources */ = {isa = PBXBuildFile; fileRef = 4E65C5E6B968E1CC36B04714 /* PagedTextReader.swift */; };
		174B85CC92205252113D98C6 /* VectorMemoryView.swift in Sources */ = {isa = PBXBuildFile; fileRef = 84C880FD0E398C652F62F267 /* VectorMemoryView.swift */; };
		17C7F979065AF746BDCFAD4C /* BackupView.swift in Sources */ = {isa = PBXBuildFile; fileRef = D873B44D290EDDDCE5025C21 /* BackupView.swift */; };
		1F0FE229B25D7B15718CE296 /* PersonaMemoryView.swift in Sources */ = {isa = PBXBuildFile; fileRef = CE8054F401BAAC08AE07AD3C /* PersonaMemoryView.swift */; };
		23D5B1908720955DDBC039FC /* LICENSE in Resources */ = {isa = PBXBuildFile; fileRef = E13CDB21AB706B03ADB8D9DE /* LICENSE */; };
		24BE19737D07CA5C65B7F2A0 /* LibraryOrganizationPreview.swift in Sources */ = {isa = PBXBuildFile; fileRef = 1B802DFE7A0C140CB376A88D /* LibraryOrganizationPreview.swift */; };
		27BC9AA1292D1582650458E5 /* ImageGenerationViews.swift in Sources */ = {isa = PBXBuildFile; fileRef = FEEBBC3B9D8EA30E701591BD /* ImageGenerationViews.swift */; };
		282A768FD9A6BA6A2B84D073 /* NotoSerifSC.ttf in Resources */ = {isa = PBXBuildFile; fileRef = 9CB4AB0E592A32B4110298DE /* NotoSerifSC.ttf */; };
		2952BBFC4CC92AA2324F9C63 /* ReadiumShared in Frameworks */ = {isa = PBXBuildFile; productRef = 2F6DDCCD83B86E80F1E0E726 /* ReadiumShared */; };
		29AEA22D98DF5F68D70521C5 /* PersonaMemoryModel.swift in Sources */ = {isa = PBXBuildFile; fileRef = 37F3BDCA81915FFE68DBF060 /* PersonaMemoryModel.swift */; };
		31FD632648FF4E9182F6D30F /* sample.epub in Resources */ = {isa = PBXBuildFile; fileRef = B925A6CE73A58A5EA514FB00 /* sample.epub */; };
		3363F5D260EF8FD6F95EC143 /* FontLibraryView.swift in Sources */ = {isa = PBXBuildFile; fileRef = 10876F211B91CB27519F3138 /* FontLibraryView.swift */; };
		3D0AF693319D8F5820D77461 /* CompanionViews.swift in Sources */ = {isa = PBXBuildFile; fileRef = 7563B576C24E7177CF543069 /* CompanionViews.swift */; };
		3FE4A055F33822AEEDEF6FE5 /* RerankSettingsView.swift in Sources */ = {isa = PBXBuildFile; fileRef = C11477324D774EAB870E5221 /* RerankSettingsView.swift */; };
		43C99184B7AAEC9C4984B095 /* RootView.swift in Sources */ = {isa = PBXBuildFile; fileRef = 9B830F2AED127F80997D8521 /* RootView.swift */; };
		457D71997185824C45A19866 /* ReaderBackgroundView.swift in Sources */ = {isa = PBXBuildFile; fileRef = 035CD3F1A06D22ADFB39DD82 /* ReaderBackgroundView.swift */; };
		49DC7E6FF60B2348E8F97793 /* CompanionToolsSettingsView.swift in Sources */ = {isa = PBXBuildFile; fileRef = 527AE0FBA0C67EC67226066C /* CompanionToolsSettingsView.swift */; };
		50EDAFE261A421D9943EABFF /* ReadingTests.swift in Sources */ = {isa = PBXBuildFile; fileRef = A7764A144DFD6CD5D0F64DEE /* ReadingTests.swift */; };
		51DBC29D0798E7D3BEF160F1 /* SpeechControls.swift in Sources */ = {isa = PBXBuildFile; fileRef = 0B2065DE60076241DE16C071 /* SpeechControls.swift */; };
		52738148631EA877B77BD5FE /* CloudSpeechView.swift in Sources */ = {isa = PBXBuildFile; fileRef = E7E54F24B111A9E8E571CD2D /* CloudSpeechView.swift */; };
		538DE09F849252EA5A84A5BE /* ReplySuggestions.swift in Sources */ = {isa = PBXBuildFile; fileRef = 92F9A718B362358128272D03 /* ReplySuggestions.swift */; };
		5D70A84D46807CB252198B38 /* WebSearchSettingsView.swift in Sources */ = {isa = PBXBuildFile; fileRef = 323EAE552EE741D3C88ED11B /* WebSearchSettingsView.swift */; };
		673ADEA9197EEC5B7E307995 /* GlobalPromptView.swift in Sources */ = {isa = PBXBuildFile; fileRef = 946AD37116378D50E6B49695 /* GlobalPromptView.swift */; };
		6E42EE6B0F1068866638C81D /* CompanionToolModel.swift in Sources */ = {isa = PBXBuildFile; fileRef = F218F583B73AD03F67062FC1 /* CompanionToolModel.swift */; };
		6EAAE7003CF1ECDF5A7FB889 /* ReadiumStreamer in Frameworks */ = {isa = PBXBuildFile; productRef = 273B7BD2FBC9672415970DB2 /* ReadiumStreamer */; };
		75AD0A5C70524BD568EEF9F3 /* BookCoverEditor.swift in Sources */ = {isa = PBXBuildFile; fileRef = 08188C57F9403EDB541C9DC8 /* BookCoverEditor.swift */; };
		7D8FB626E4755162007FEC36 /* KeychainStore.swift in Sources */ = {isa = PBXBuildFile; fileRef = B12B808B9926C791C07C1201 /* KeychainStore.swift */; };
		812C283C0232E1F3BAE8B34D /* zipfoundation-MIT.txt in Resources */ = {isa = PBXBuildFile; fileRef = 7C172A1663776C99A42F638F /* zipfoundation-MIT.txt */; };
		84BD5593D16EB897BC2E0A3A /* TextImportView.swift in Sources */ = {isa = PBXBuildFile; fileRef = 87E493AC9E9897EB9D669FEF /* TextImportView.swift */; };
		85CD8ABACFC53F6E35957730 /* ReadingNotesView.swift in Sources */ = {isa = PBXBuildFile; fileRef = 711CE6FD1F1EE272D2CAAA67 /* ReadingNotesView.swift */; };
		8863B1DE85FB0E330B55382C /* ReaderTypographyView.swift in Sources */ = {isa = PBXBuildFile; fileRef = 7DEBDFD9464F9BE8B1B39C0D /* ReaderTypographyView.swift */; };
		8E774956C4DFF83556A12C5B /* ChapterKnowledgeModel.swift in Sources */ = {isa = PBXBuildFile; fileRef = C33E022BE43A5D8195D64849 /* ChapterKnowledgeModel.swift */; };
		8E87742832CA967319D9AE9D /* IllustrationGallery.swift in Sources */ = {isa = PBXBuildFile; fileRef = C9724B60ACBC358E02A9F36C /* IllustrationGallery.swift */; };
		8F5AC1875E8422A2BF6DC7E6 /* ConversationSummaryView.swift in Sources */ = {isa = PBXBuildFile; fileRef = B78640EA394FFDF481CA5C41 /* ConversationSummaryView.swift */; };
		9468C4DD3A460A45139DFA7E /* UserMaskView.swift in Sources */ = {isa = PBXBuildFile; fileRef = EF601B6CB703407F00D933F4 /* UserMaskView.swift */; };
		99C20F79F0C8718AE75035B9 /* EPUBReader.swift in Sources */ = {isa = PBXBuildFile; fileRef = 9710D70B97A3A946E9FAED25 /* EPUBReader.swift */; };
		9FF3734F8AA0D55A11AEE0B1 /* ProactiveSettingsView.swift in Sources */ = {isa = PBXBuildFile; fileRef = 86A54F6F92AE038D4FAE8616 /* ProactiveSettingsView.swift */; };
		AA8820FC4DEEE252D22378C1 /* MoReadCore in Frameworks */ = {isa = PBXBuildFile; productRef = 38BD1D23C9915BE266F16756 /* MoReadCore */; };
		BCDF913B40D55473023F0D35 /* ThemeView.swift in Sources */ = {isa = PBXBuildFile; fileRef = 19BD21C3358729CF22FAB2EE /* ThemeView.swift */; };
		BD4C582EAC10E101DB0CB6B5 /* CompanionModel.swift in Sources */ = {isa = PBXBuildFile; fileRef = E08C16806605250221F9CB65 /* CompanionModel.swift */; };
		BEF2716A50044F7320F6FEF9 /* readium-BSD-3-Clause.txt in Resources */ = {isa = PBXBuildFile; fileRef = A9B96A8349156328D108EE1E /* readium-BSD-3-Clause.txt */; };
		C0E75704636F767B384B6757 /* THIRD_PARTY_LICENSES.txt in Resources */ = {isa = PBXBuildFile; fileRef = 26D7FFD20FA49397BE6BBFD0 /* THIRD_PARTY_LICENSES.txt */; };
		C8DA5A8022B9593A149F589F /* ProactiveCompanion.swift in Sources */ = {isa = PBXBuildFile; fileRef = 5868308952DB53DF46DE561A /* ProactiveCompanion.swift */; };
		C9EC34D5540C069D639640E7 /* ReaderView.swift in Sources */ = {isa = PBXBuildFile; fileRef = FDF56D81C2CA56FF1DA40F1E /* ReaderView.swift */; };
		CA7EB234670DC312ED289A17 /* ModelAssignmentsView.swift in Sources */ = {isa = PBXBuildFile; fileRef = 12ACB5E65FF1D1A3EF772D3A /* ModelAssignmentsView.swift */; };
		D2A3F338980736D1EF1739F8 /* THIRD_PARTY_NOTICES.md in Resources */ = {isa = PBXBuildFile; fileRef = B7F9C390F123F5C23A2B7705 /* THIRD_PARTY_NOTICES.md */; };
		D9FA2B3028C57412A1F776F8 /* BookCharactersView.swift in Sources */ = {isa = PBXBuildFile; fileRef = 0BBFE530A257E457150FA832 /* BookCharactersView.swift */; };
		DA76CE3F28D08E3FE95FEB25 /* StorageView.swift in Sources */ = {isa = PBXBuildFile; fileRef = B9F48B66B02BAA67D887F3A7 /* StorageView.swift */; };
		DCEBAAED542218D931A97965 /* WorldBookEditor.swift in Sources */ = {isa = PBXBuildFile; fileRef = 6BB9A7F794DA1BB7C6E13AE1 /* WorldBookEditor.swift */; };
		E367312840CDF010168D4FD7 /* notoserifsc-OFL.txt in Resources */ = {isa = PBXBuildFile; fileRef = B3F4574B9E426BB11EBDB89D /* notoserifsc-OFL.txt */; };
		EB3F2C28B7985B192A539886 /* MoReadApp.swift in Sources */ = {isa = PBXBuildFile; fileRef = 1BCDD6D9AED30607A84B4176 /* MoReadApp.swift */; };
		F2AC704C488A1F91D2CCD5C5 /* SpeechPlayer.swift in Sources */ = {isa = PBXBuildFile; fileRef = 08D914D6EE1624B82890502A /* SpeechPlayer.swift */; };
		F5140496803D666A63A2FBFC /* ChapterKnowledgeView.swift in Sources */ = {isa = PBXBuildFile; fileRef = 21B3EBE02AAB287C290C3540 /* ChapterKnowledgeView.swift */; };
		F9AED182E87FFA6A3BA17002 /* ConversationScopeView.swift in Sources */ = {isa = PBXBuildFile; fileRef = 6B10978B459EE4E3BCC4F65F /* ConversationScopeView.swift */; };
/* End PBXBuildFile section */

/* Begin PBXContainerItemProxy section */
		4D5373626FF266E2F4D4641D /* PBXContainerItemProxy */ = {
			isa = PBXContainerItemProxy;
			containerPortal = 0ABE5A17538C76DC53F45029 /* Project object */;
			proxyType = 1;
			remoteGlobalIDString = 7EED9921ECB13CDD164085A0;
			remoteInfo = MoRead;
		};
/* End PBXContainerItemProxy section */

/* Begin PBXFileReference section */
		035CD3F1A06D22ADFB39DD82 /* ReaderBackgroundView.swift */ = {isa = PBXFileReference; lastKnownFileType = sourcecode.swift; path = ReaderBackgroundView.swift; sourceTree = "<group>"; };
		08188C57F9403EDB541C9DC8 /* BookCoverEditor.swift */ = {isa = PBXFileReference; lastKnownFileType = sourcecode.swift; path = BookCoverEditor.swift; sourceTree = "<group>"; };
		08D914D6EE1624B82890502A /* SpeechPlayer.swift */ = {isa = PBXFileReference; lastKnownFileType = sourcecode.swift; path = SpeechPlayer.swift; sourceTree = "<group>"; };
		0B11F73FB9652E1D10E8E07D /* MoReadUITests.xctest */ = {isa = PBXFileReference; includeInIndex = 0; lastKnownFileType = wrapper.cfbundle; path = MoReadUITests.xctest; sourceTree = BUILT_PRODUCTS_DIR; };
		0B2065DE60076241DE16C071 /* SpeechControls.swift */ = {isa = PBXFileReference; lastKnownFileType = sourcecode.swift; path = SpeechControls.swift; sourceTree = "<group>"; };
		0BBFE530A257E457150FA832 /* BookCharactersView.swift */ = {isa = PBXFileReference; lastKnownFileType = sourcecode.swift; path = BookCharactersView.swift; sourceTree = "<group>"; };
		10876F211B91CB27519F3138 /* FontLibraryView.swift */ = {isa = PBXFileReference; lastKnownFileType = sourcecode.swift; path = FontLibraryView.swift; sourceTree = "<group>"; };
		12ACB5E65FF1D1A3EF772D3A /* ModelAssignmentsView.swift */ = {isa = PBXFileReference; lastKnownFileType = sourcecode.swift; path = ModelAssignmentsView.swift; sourceTree = "<group>"; };
		153247B56B294E5613324D91 /* MoRead-iOS */ = {isa = PBXFileReference; lastKnownFileType = folder; name = "MoRead-iOS"; path = .; sourceTree = SOURCE_ROOT; };
		19BD21C3358729CF22FAB2EE /* ThemeView.swift */ = {isa = PBXFileReference; lastKnownFileType = sourcecode.swift; path = ThemeView.swift; sourceTree = "<group>"; };
		1B802DFE7A0C140CB376A88D /* LibraryOrganizationPreview.swift */ = {isa = PBXFileReference; lastKnownFileType = sourcecode.swift; path = LibraryOrganizationPreview.swift; sourceTree = "<group>"; };
		1BCDD6D9AED30607A84B4176 /* MoReadApp.swift */ = {isa = PBXFileReference; lastKnownFileType = sourcecode.swift; path = MoReadApp.swift; sourceTree = "<group>"; };
		21B3EBE02AAB287C290C3540 /* ChapterKnowledgeView.swift */ = {isa = PBXFileReference; lastKnownFileType = sourcecode.swift; path = ChapterKnowledgeView.swift; sourceTree = "<group>"; };
		26D7FFD20FA49397BE6BBFD0 /* THIRD_PARTY_LICENSES.txt */ = {isa = PBXFileReference; lastKnownFileType = text; path = THIRD_PARTY_LICENSES.txt; sourceTree = "<group>"; };
		323EAE552EE741D3C88ED11B /* WebSearchSettingsView.swift */ = {isa = PBXFileReference; lastKnownFileType = sourcecode.swift; path = WebSearchSettingsView.swift; sourceTree = "<group>"; };
		37F3BDCA81915FFE68DBF060 /* PersonaMemoryModel.swift */ = {isa = PBXFileReference; lastKnownFileType = sourcecode.swift; path = PersonaMemoryModel.swift; sourceTree = "<group>"; };
		4D83A1D135AC7055CF1DB440 /* MoRead.app */ = {isa = PBXFileReference; includeInIndex = 0; lastKnownFileType = wrapper.application; path = MoRead.app; sourceTree = BUILT_PRODUCTS_DIR; };
		4E65C5E6B968E1CC36B04714 /* PagedTextReader.swift */ = {isa = PBXFileReference; lastKnownFileType = sourcecode.swift; path = PagedTextReader.swift; sourceTree = "<group>"; };
		4F1C7E35F6BA22FAB8ED449F /* Info.plist */ = {isa = PBXFileReference; lastKnownFileType = text.plist; path = Info.plist; sourceTree = "<group>"; };
		527AE0FBA0C67EC67226066C /* CompanionToolsSettingsView.swift */ = {isa = PBXFileReference; lastKnownFileType = sourcecode.swift; path = CompanionToolsSettingsView.swift; sourceTree = "<group>"; };
		5868308952DB53DF46DE561A /* ProactiveCompanion.swift */ = {isa = PBXFileReference; lastKnownFileType = sourcecode.swift; path = ProactiveCompanion.swift; sourceTree = "<group>"; };
		6B10978B459EE4E3BCC4F65F /* ConversationScopeView.swift */ = {isa = PBXFileReference; lastKnownFileType = sourcecode.swift; path = ConversationScopeView.swift; sourceTree = "<group>"; };
		6BB9A7F794DA1BB7C6E13AE1 /* WorldBookEditor.swift */ = {isa = PBXFileReference; lastKnownFileType = sourcecode.swift; path = WorldBookEditor.swift; sourceTree = "<group>"; };
		711CE6FD1F1EE272D2CAAA67 /* ReadingNotesView.swift */ = {isa = PBXFileReference; lastKnownFileType = sourcecode.swift; path = ReadingNotesView.swift; sourceTree = "<group>"; };
		7563B576C24E7177CF543069 /* CompanionViews.swift */ = {isa = PBXFileReference; lastKnownFileType = sourcecode.swift; path = CompanionViews.swift; sourceTree = "<group>"; };
		77A6A822B7A0704477463A1A /* BookCharactersModel.swift */ = {isa = PBXFileReference; lastKnownFileType = sourcecode.swift; path = BookCharactersModel.swift; sourceTree = "<group>"; };
		7C172A1663776C99A42F638F /* zipfoundation-MIT.txt */ = {isa = PBXFileReference; lastKnownFileType = text; path = "zipfoundation-MIT.txt"; sourceTree = "<group>"; };
		7DEBDFD9464F9BE8B1B39C0D /* ReaderTypographyView.swift */ = {isa = PBXFileReference; lastKnownFileType = sourcecode.swift; path = ReaderTypographyView.swift; sourceTree = "<group>"; };
		84C880FD0E398C652F62F267 /* VectorMemoryView.swift */ = {isa = PBXFileReference; lastKnownFileType = sourcecode.swift; path = VectorMemoryView.swift; sourceTree = "<group>"; };
		86A54F6F92AE038D4FAE8616 /* ProactiveSettingsView.swift */ = {isa = PBXFileReference; lastKnownFileType = sourcecode.swift; path = ProactiveSettingsView.swift; sourceTree = "<group>"; };
		87E493AC9E9897EB9D669FEF /* TextImportView.swift */ = {isa = PBXFileReference; lastKnownFileType = sourcecode.swift; path = TextImportView.swift; sourceTree = "<group>"; };
		92F9A718B362358128272D03 /* ReplySuggestions.swift */ = {isa = PBXFileReference; lastKnownFileType = sourcecode.swift; path = ReplySuggestions.swift; sourceTree = "<group>"; };
		946AD37116378D50E6B49695 /* GlobalPromptView.swift */ = {isa = PBXFileReference; lastKnownFileType = sourcecode.swift; path = GlobalPromptView.swift; sourceTree = "<group>"; };
		9710D70B97A3A946E9FAED25 /* EPUBReader.swift */ = {isa = PBXFileReference; lastKnownFileType = sourcecode.swift; path = EPUBReader.swift; sourceTree = "<group>"; };
		9B830F2AED127F80997D8521 /* RootView.swift */ = {isa = PBXFileReference; lastKnownFileType = sourcecode.swift; path = RootView.swift; sourceTree = "<group>"; };
		9CB4AB0E592A32B4110298DE /* NotoSerifSC.ttf */ = {isa = PBXFileReference; lastKnownFileType = file; path = NotoSerifSC.ttf; sourceTree = "<group>"; };
		A0B4246095AE328B93E305E4 /* BookCoverSearchView.swift */ = {isa = PBXFileReference; lastKnownFileType = sourcecode.swift; path = BookCoverSearchView.swift; sourceTree = "<group>"; };
		A7764A144DFD6CD5D0F64DEE /* ReadingTests.swift */ = {isa = PBXFileReference; lastKnownFileType = sourcecode.swift; path = ReadingTests.swift; sourceTree = "<group>"; };
		A9B96A8349156328D108EE1E /* readium-BSD-3-Clause.txt */ = {isa = PBXFileReference; lastKnownFileType = text; path = "readium-BSD-3-Clause.txt"; sourceTree = "<group>"; };
		B12B808B9926C791C07C1201 /* KeychainStore.swift */ = {isa = PBXFileReference; lastKnownFileType = sourcecode.swift; path = KeychainStore.swift; sourceTree = "<group>"; };
		B3F4574B9E426BB11EBDB89D /* notoserifsc-OFL.txt */ = {isa = PBXFileReference; lastKnownFileType = text; path = "notoserifsc-OFL.txt"; sourceTree = "<group>"; };
		B78640EA394FFDF481CA5C41 /* ConversationSummaryView.swift */ = {isa = PBXFileReference; lastKnownFileType = sourcecode.swift; path = ConversationSummaryView.swift; sourceTree = "<group>"; };
		B7F9C390F123F5C23A2B7705 /* THIRD_PARTY_NOTICES.md */ = {isa = PBXFileReference; lastKnownFileType = net.daringfireball.markdown; path = THIRD_PARTY_NOTICES.md; sourceTree = "<group>"; };
		B925A6CE73A58A5EA514FB00 /* sample.epub */ = {isa = PBXFileReference; path = sample.epub; sourceTree = "<group>"; };
		B9F48B66B02BAA67D887F3A7 /* StorageView.swift */ = {isa = PBXFileReference; lastKnownFileType = sourcecode.swift; path = StorageView.swift; sourceTree = "<group>"; };
		C11477324D774EAB870E5221 /* RerankSettingsView.swift */ = {isa = PBXFileReference; lastKnownFileType = sourcecode.swift; path = RerankSettingsView.swift; sourceTree = "<group>"; };
		C33E022BE43A5D8195D64849 /* ChapterKnowledgeModel.swift */ = {isa = PBXFileReference; lastKnownFileType = sourcecode.swift; path = ChapterKnowledgeModel.swift; sourceTree = "<group>"; };
		C9724B60ACBC358E02A9F36C /* IllustrationGallery.swift */ = {isa = PBXFileReference; lastKnownFileType = sourcecode.swift; path = IllustrationGallery.swift; sourceTree = "<group>"; };
		CE8054F401BAAC08AE07AD3C /* PersonaMemoryView.swift */ = {isa = PBXFileReference; lastKnownFileType = sourcecode.swift; path = PersonaMemoryView.swift; sourceTree = "<group>"; };
		D873B44D290EDDDCE5025C21 /* BackupView.swift */ = {isa = PBXFileReference; lastKnownFileType = sourcecode.swift; path = BackupView.swift; sourceTree = "<group>"; };
		E08C16806605250221F9CB65 /* CompanionModel.swift */ = {isa = PBXFileReference; lastKnownFileType = sourcecode.swift; path = CompanionModel.swift; sourceTree = "<group>"; };
		E13CDB21AB706B03ADB8D9DE /* LICENSE */ = {isa = PBXFileReference; path = LICENSE; sourceTree = "<group>"; };
		E7E54F24B111A9E8E571CD2D /* CloudSpeechView.swift */ = {isa = PBXFileReference; lastKnownFileType = sourcecode.swift; path = CloudSpeechView.swift; sourceTree = "<group>"; };
		EF601B6CB703407F00D933F4 /* UserMaskView.swift */ = {isa = PBXFileReference; lastKnownFileType = sourcecode.swift; path = UserMaskView.swift; sourceTree = "<group>"; };
		F218F583B73AD03F67062FC1 /* CompanionToolModel.swift */ = {isa = PBXFileReference; lastKnownFileType = sourcecode.swift; path = CompanionToolModel.swift; sourceTree = "<group>"; };
		F2A000AF2B1F60B26DB152AD /* ShelfViews.swift */ = {isa = PBXFileReference; lastKnownFileType = sourcecode.swift; path = ShelfViews.swift; sourceTree = "<group>"; };
		FDF56D81C2CA56FF1DA40F1E /* ReaderView.swift */ = {isa = PBXFileReference; lastKnownFileType = sourcecode.swift; path = ReaderView.swift; sourceTree = "<group>"; };
		FEEBBC3B9D8EA30E701591BD /* ImageGenerationViews.swift */ = {isa = PBXFileReference; lastKnownFileType = sourcecode.swift; path = ImageGenerationViews.swift; sourceTree = "<group>"; };
/* End PBXFileReference section */

/* Begin PBXFrameworksBuildPhase section */
		D7084B504C5B4E8F05A02774 /* Frameworks */ = {
			isa = PBXFrameworksBuildPhase;
			buildActionMask = 2147483647;
			files = (
				AA8820FC4DEEE252D22378C1 /* MoReadCore in Frameworks */,
				2952BBFC4CC92AA2324F9C63 /* ReadiumShared in Frameworks */,
				6EAAE7003CF1ECDF5A7FB889 /* ReadiumStreamer in Frameworks */,
				019EED415FC533C1F03B245F /* ReadiumNavigator in Frameworks */,
			);
			runOnlyForDeploymentPostprocessing = 0;
		};
/* End PBXFrameworksBuildPhase section */

/* Begin PBXGroup section */
		35DAECD5C8C28CB546FD3469 /* App */ = {
			isa = PBXGroup;
			children = (
				D873B44D290EDDDCE5025C21 /* BackupView.swift */,
				77A6A822B7A0704477463A1A /* BookCharactersModel.swift */,
				0BBFE530A257E457150FA832 /* BookCharactersView.swift */,
				08188C57F9403EDB541C9DC8 /* BookCoverEditor.swift */,
				A0B4246095AE328B93E305E4 /* BookCoverSearchView.swift */,
				C33E022BE43A5D8195D64849 /* ChapterKnowledgeModel.swift */,
				21B3EBE02AAB287C290C3540 /* ChapterKnowledgeView.swift */,
				E7E54F24B111A9E8E571CD2D /* CloudSpeechView.swift */,
				E08C16806605250221F9CB65 /* CompanionModel.swift */,
				F218F583B73AD03F67062FC1 /* CompanionToolModel.swift */,
				527AE0FBA0C67EC67226066C /* CompanionToolsSettingsView.swift */,
				7563B576C24E7177CF543069 /* CompanionViews.swift */,
				6B10978B459EE4E3BCC4F65F /* ConversationScopeView.swift */,
				B78640EA394FFDF481CA5C41 /* ConversationSummaryView.swift */,
				9710D70B97A3A946E9FAED25 /* EPUBReader.swift */,
				10876F211B91CB27519F3138 /* FontLibraryView.swift */,
				946AD37116378D50E6B49695 /* GlobalPromptView.swift */,
				C9724B60ACBC358E02A9F36C /* IllustrationGallery.swift */,
				FEEBBC3B9D8EA30E701591BD /* ImageGenerationViews.swift */,
				4F1C7E35F6BA22FAB8ED449F /* Info.plist */,
				B12B808B9926C791C07C1201 /* KeychainStore.swift */,
				1B802DFE7A0C140CB376A88D /* LibraryOrganizationPreview.swift */,
				12ACB5E65FF1D1A3EF772D3A /* ModelAssignmentsView.swift */,
				1BCDD6D9AED30607A84B4176 /* MoReadApp.swift */,
				4E65C5E6B968E1CC36B04714 /* PagedTextReader.swift */,
				37F3BDCA81915FFE68DBF060 /* PersonaMemoryModel.swift */,
				CE8054F401BAAC08AE07AD3C /* PersonaMemoryView.swift */,
				5868308952DB53DF46DE561A /* ProactiveCompanion.swift */,
				86A54F6F92AE038D4FAE8616 /* ProactiveSettingsView.swift */,
				035CD3F1A06D22ADFB39DD82 /* ReaderBackgroundView.swift */,
				7DEBDFD9464F9BE8B1B39C0D /* ReaderTypographyView.swift */,
				FDF56D81C2CA56FF1DA40F1E /* ReaderView.swift */,
				711CE6FD1F1EE272D2CAAA67 /* ReadingNotesView.swift */,
				92F9A718B362358128272D03 /* ReplySuggestions.swift */,
				C11477324D774EAB870E5221 /* RerankSettingsView.swift */,
				9B830F2AED127F80997D8521 /* RootView.swift */,
				F2A000AF2B1F60B26DB152AD /* ShelfViews.swift */,
				0B2065DE60076241DE16C071 /* SpeechControls.swift */,
				08D914D6EE1624B82890502A /* SpeechPlayer.swift */,
				B9F48B66B02BAA67D887F3A7 /* StorageView.swift */,
				87E493AC9E9897EB9D669FEF /* TextImportView.swift */,
				19BD21C3358729CF22FAB2EE /* ThemeView.swift */,
				EF601B6CB703407F00D933F4 /* UserMaskView.swift */,
				84C880FD0E398C652F62F267 /* VectorMemoryView.swift */,
				323EAE552EE741D3C88ED11B /* WebSearchSettingsView.swift */,
				6BB9A7F794DA1BB7C6E13AE1 /* WorldBookEditor.swift */,
				C896CA2E37370968F1E2418B /* Fonts */,
				EBF244FCCA8336B34A96B8A1 /* Resources */,
			);
			path = App;
			sourceTree = "<group>";
		};
		45F9F9AF4771021162CB08A9 = {
			isa = PBXGroup;
			children = (
				E13CDB21AB706B03ADB8D9DE /* LICENSE */,
				B7F9C390F123F5C23A2B7705 /* THIRD_PARTY_NOTICES.md */,
				35DAECD5C8C28CB546FD3469 /* App */,
				F1ACAF9EE103D4F78482F1BB /* licenses */,
				F8E60DAF6DD2363E4B659331 /* Packages */,
				4BCC38DC3B05A81D5C43662C /* UITests */,
				B48E5A4E48B0719AB1469247 /* Products */,
			);
			sourceTree = "<group>";
		};
		4BCC38DC3B05A81D5C43662C /* UITests */ = {
			isa = PBXGroup;
			children = (
				A7764A144DFD6CD5D0F64DEE /* ReadingTests.swift */,
			);
			path = UITests;
			sourceTree = "<group>";
		};
		B48E5A4E48B0719AB1469247 /* Products */ = {
			isa = PBXGroup;
			children = (
				4D83A1D135AC7055CF1DB440 /* MoRead.app */,
				0B11F73FB9652E1D10E8E07D /* MoReadUITests.xctest */,
			);
			name = Products;
			sourceTree = "<group>";
		};
		C896CA2E37370968F1E2418B /* Fonts */ = {
			isa = PBXGroup;
			children = (
				9CB4AB0E592A32B4110298DE /* NotoSerifSC.ttf */,
			);
			path = Fonts;
			sourceTree = "<group>";
		};
		EBF244FCCA8336B34A96B8A1 /* Resources */ = {
			isa = PBXGroup;
			children = (
				B925A6CE73A58A5EA514FB00 /* sample.epub */,
			);
			path = Resources;
			sourceTree = "<group>";
		};
		F1ACAF9EE103D4F78482F1BB /* licenses */ = {
			isa = PBXGroup;
			children = (
				B3F4574B9E426BB11EBDB89D /* notoserifsc-OFL.txt */,
				A9B96A8349156328D108EE1E /* readium-BSD-3-Clause.txt */,
				26D7FFD20FA49397BE6BBFD0 /* THIRD_PARTY_LICENSES.txt */,
				7C172A1663776C99A42F638F /* zipfoundation-MIT.txt */,
			);
			path = licenses;
			sourceTree = "<group>";
		};
		F8E60DAF6DD2363E4B659331 /* Packages */ = {
			isa = PBXGroup;
			children = (
				153247B56B294E5613324D91 /* MoRead-iOS */,
			);
			name = Packages;
			sourceTree = "<group>";
		};
/* End PBXGroup section */

/* Begin PBXNativeTarget section */
		1D843F49F2DF80A88ED97FC2 /* MoReadUITests */ = {
			isa = PBXNativeTarget;
			buildConfigurationList = 7C51B0476A9900EA329B9730 /* Build configuration list for PBXNativeTarget "MoReadUITests" */;
			buildPhases = (
				C561336540A23DDEB2CF919D /* Sources */,
			);
			buildRules = (
			);
			dependencies = (
				9E9C778FCAC05B7ACEEB7D70 /* PBXTargetDependency */,
			);
			name = MoReadUITests;
			packageProductDependencies = (
			);
			productName = MoReadUITests;
			productReference = 0B11F73FB9652E1D10E8E07D /* MoReadUITests.xctest */;
			productType = "com.apple.product-type.bundle.ui-testing";
		};
		7EED9921ECB13CDD164085A0 /* MoRead */ = {
			isa = PBXNativeTarget;
			buildConfigurationList = 6F0409CDE64817126787180B /* Build configuration list for PBXNativeTarget "MoRead" */;
			buildPhases = (
				6614057E94A761F2DC159EBC /* Sources */,
				1F9536DA02548A0B6DA89024 /* Resources */,
				D7084B504C5B4E8F05A02774 /* Frameworks */,
			);
			buildRules = (
			);
			dependencies = (
			);
			name = MoRead;
			packageProductDependencies = (
				38BD1D23C9915BE266F16756 /* MoReadCore */,
				2F6DDCCD83B86E80F1E0E726 /* ReadiumShared */,
				273B7BD2FBC9672415970DB2 /* ReadiumStreamer */,
				1E5D54D0D74742D43FD22580 /* ReadiumNavigator */,
			);
			productName = MoRead;
			productReference = 4D83A1D135AC7055CF1DB440 /* MoRead.app */;
			productType = "com.apple.product-type.application";
		};
/* End PBXNativeTarget section */

/* Begin PBXProject section */
		0ABE5A17538C76DC53F45029 /* Project object */ = {
			isa = PBXProject;
			attributes = {
				BuildIndependentTargetsInParallel = YES;
				LastUpgradeCheck = 1430;
				TargetAttributes = {
					1D843F49F2DF80A88ED97FC2 = {
						DevelopmentTeam = "";
						ProvisioningStyle = Automatic;
						TestTargetID = 7EED9921ECB13CDD164085A0;
					};
					7EED9921ECB13CDD164085A0 = {
						DevelopmentTeam = "";
						ProvisioningStyle = Automatic;
					};
				};
			};
			buildConfigurationList = 98DE7A17425671933F391A73 /* Build configuration list for PBXProject "MoRead" */;
			developmentRegion = en;
			hasScannedForEncodings = 0;
			knownRegions = (
				Base,
				en,
			);
			mainGroup = 45F9F9AF4771021162CB08A9;
			minimizedProjectReferenceProxies = 1;
			packageReferences = (
				9E9EE9EB3BCD3F1BAAA3C269 /* XCRemoteSwiftPackageReference "swift-toolkit" */,
				86ED3995099A591A171524CC /* XCLocalSwiftPackageReference "." */,
			);
			preferredProjectObjectVersion = 77;
			productRefGroup = B48E5A4E48B0719AB1469247 /* Products */;
			projectDirPath = "";
			projectRoot = "";
			targets = (
				7EED9921ECB13CDD164085A0 /* MoRead */,
				1D843F49F2DF80A88ED97FC2 /* MoReadUITests */,
			);
		};
/* End PBXProject section */

/* Begin PBXResourcesBuildPhase section */
		1F9536DA02548A0B6DA89024 /* Resources */ = {
			isa = PBXResourcesBuildPhase;
			buildActionMask = 2147483647;
			files = (
				23D5B1908720955DDBC039FC /* LICENSE in Resources */,
				282A768FD9A6BA6A2B84D073 /* NotoSerifSC.ttf in Resources */,
				C0E75704636F767B384B6757 /* THIRD_PARTY_LICENSES.txt in Resources */,
				D2A3F338980736D1EF1739F8 /* THIRD_PARTY_NOTICES.md in Resources */,
				E367312840CDF010168D4FD7 /* notoserifsc-OFL.txt in Resources */,
				BEF2716A50044F7320F6FEF9 /* readium-BSD-3-Clause.txt in Resources */,
				31FD632648FF4E9182F6D30F /* sample.epub in Resources */,
				812C283C0232E1F3BAE8B34D /* zipfoundation-MIT.txt in Resources */,
			);
			runOnlyForDeploymentPostprocessing = 0;
		};
/* End PBXResourcesBuildPhase section */

/* Begin PBXSourcesBuildPhase section */
		6614057E94A761F2DC159EBC /* Sources */ = {
			isa = PBXSourcesBuildPhase;
			buildActionMask = 2147483647;
			files = (
				17C7F979065AF746BDCFAD4C /* BackupView.swift in Sources */,
				0C485B0A9B02FCB6F5DE0CE5 /* BookCharactersModel.swift in Sources */,
				D9FA2B3028C57412A1F776F8 /* BookCharactersView.swift in Sources */,
				75AD0A5C70524BD568EEF9F3 /* BookCoverEditor.swift in Sources */,
				0886402407784524318950E4 /* BookCoverSearchView.swift in Sources */,
				8E774956C4DFF83556A12C5B /* ChapterKnowledgeModel.swift in Sources */,
				F5140496803D666A63A2FBFC /* ChapterKnowledgeView.swift in Sources */,
				52738148631EA877B77BD5FE /* CloudSpeechView.swift in Sources */,
				BD4C582EAC10E101DB0CB6B5 /* CompanionModel.swift in Sources */,
				6E42EE6B0F1068866638C81D /* CompanionToolModel.swift in Sources */,
				49DC7E6FF60B2348E8F97793 /* CompanionToolsSettingsView.swift in Sources */,
				3D0AF693319D8F5820D77461 /* CompanionViews.swift in Sources */,
				F9AED182E87FFA6A3BA17002 /* ConversationScopeView.swift in Sources */,
				8F5AC1875E8422A2BF6DC7E6 /* ConversationSummaryView.swift in Sources */,
				99C20F79F0C8718AE75035B9 /* EPUBReader.swift in Sources */,
				3363F5D260EF8FD6F95EC143 /* FontLibraryView.swift in Sources */,
				673ADEA9197EEC5B7E307995 /* GlobalPromptView.swift in Sources */,
				8E87742832CA967319D9AE9D /* IllustrationGallery.swift in Sources */,
				27BC9AA1292D1582650458E5 /* ImageGenerationViews.swift in Sources */,
				7D8FB626E4755162007FEC36 /* KeychainStore.swift in Sources */,
				24BE19737D07CA5C65B7F2A0 /* LibraryOrganizationPreview.swift in Sources */,
				EB3F2C28B7985B192A539886 /* MoReadApp.swift in Sources */,
				CA7EB234670DC312ED289A17 /* ModelAssignmentsView.swift in Sources */,
				116F8C245B899EE9BE56335E /* PagedTextReader.swift in Sources */,
				29AEA22D98DF5F68D70521C5 /* PersonaMemoryModel.swift in Sources */,
				1F0FE229B25D7B15718CE296 /* PersonaMemoryView.swift in Sources */,
				C8DA5A8022B9593A149F589F /* ProactiveCompanion.swift in Sources */,
				9FF3734F8AA0D55A11AEE0B1 /* ProactiveSettingsView.swift in Sources */,
				457D71997185824C45A19866 /* ReaderBackgroundView.swift in Sources */,
				8863B1DE85FB0E330B55382C /* ReaderTypographyView.swift in Sources */,
				C9EC34D5540C069D639640E7 /* ReaderView.swift in Sources */,
				85CD8ABACFC53F6E35957730 /* ReadingNotesView.swift in Sources */,
				538DE09F849252EA5A84A5BE /* ReplySuggestions.swift in Sources */,
				3FE4A055F33822AEEDEF6FE5 /* RerankSettingsView.swift in Sources */,
				43C99184B7AAEC9C4984B095 /* RootView.swift in Sources */,
				0FA1DC94B3A996CCA411C051 /* ShelfViews.swift in Sources */,
				51DBC29D0798E7D3BEF160F1 /* SpeechControls.swift in Sources */,
				F2AC704C488A1F91D2CCD5C5 /* SpeechPlayer.swift in Sources */,
				DA76CE3F28D08E3FE95FEB25 /* StorageView.swift in Sources */,
				84BD5593D16EB897BC2E0A3A /* TextImportView.swift in Sources */,
				BCDF913B40D55473023F0D35 /* ThemeView.swift in Sources */,
				9468C4DD3A460A45139DFA7E /* UserMaskView.swift in Sources */,
				174B85CC92205252113D98C6 /* VectorMemoryView.swift in Sources */,
				5D70A84D46807CB252198B38 /* WebSearchSettingsView.swift in Sources */,
				DCEBAAED542218D931A97965 /* WorldBookEditor.swift in Sources */,
			);
			runOnlyForDeploymentPostprocessing = 0;
		};
		C561336540A23DDEB2CF919D /* Sources */ = {
			isa = PBXSourcesBuildPhase;
			buildActionMask = 2147483647;
			files = (
				50EDAFE261A421D9943EABFF /* ReadingTests.swift in Sources */,
			);
			runOnlyForDeploymentPostprocessing = 0;
		};
/* End PBXSourcesBuildPhase section */

/* Begin PBXTargetDependency section */
		9E9C778FCAC05B7ACEEB7D70 /* PBXTargetDependency */ = {
			isa = PBXTargetDependency;
			target = 7EED9921ECB13CDD164085A0 /* MoRead */;
			targetProxy = 4D5373626FF266E2F4D4641D /* PBXContainerItemProxy */;
		};
/* End PBXTargetDependency section */

/* Begin XCBuildConfiguration section */
		24E76DDE61CC46F6547B5B31 /* Release */ = {
			isa = XCBuildConfiguration;
			buildSettings = {
				ALWAYS_SEARCH_USER_PATHS = NO;
				CLANG_ANALYZER_NONNULL = YES;
				CLANG_ANALYZER_NUMBER_OBJECT_CONVERSION = YES_AGGRESSIVE;
				CLANG_CXX_LANGUAGE_STANDARD = "gnu++14";
				CLANG_CXX_LIBRARY = "libc++";
				CLANG_ENABLE_MODULES = YES;
				CLANG_ENABLE_OBJC_ARC = YES;
				CLANG_ENABLE_OBJC_WEAK = YES;
				CLANG_WARN_BLOCK_CAPTURE_AUTORELEASING = YES;
				CLANG_WARN_BOOL_CONVERSION = YES;
				CLANG_WARN_COMMA = YES;
				CLANG_WARN_CONSTANT_CONVERSION = YES;
				CLANG_WARN_DEPRECATED_OBJC_IMPLEMENTATIONS = YES;
				CLANG_WARN_DIRECT_OBJC_ISA_USAGE = YES_ERROR;
				CLANG_WARN_DOCUMENTATION_COMMENTS = YES;
				CLANG_WARN_EMPTY_BODY = YES;
				CLANG_WARN_ENUM_CONVERSION = YES;
				CLANG_WARN_INFINITE_RECURSION = YES;
				CLANG_WARN_INT_CONVERSION = YES;
				CLANG_WARN_NON_LITERAL_NULL_CONVERSION = YES;
				CLANG_WARN_OBJC_IMPLICIT_RETAIN_SELF = YES;
				CLANG_WARN_OBJC_LITERAL_CONVERSION = YES;
				CLANG_WARN_OBJC_ROOT_CLASS = YES_ERROR;
				CLANG_WARN_QUOTED_INCLUDE_IN_FRAMEWORK_HEADER = YES;
				CLANG_WARN_RANGE_LOOP_ANALYSIS = YES;
				CLANG_WARN_STRICT_PROTOTYPES = YES;
				CLANG_WARN_SUSPICIOUS_MOVE = YES;
				CLANG_WARN_UNGUARDED_AVAILABILITY = YES_AGGRESSIVE;
				CLANG_WARN_UNREACHABLE_CODE = YES;
				CLANG_WARN__DUPLICATE_METHOD_MATCH = YES;
				CODE_SIGN_STYLE = Automatic;
				COPY_PHASE_STRIP = NO;
				DEBUG_INFORMATION_FORMAT = "dwarf-with-dsym";
				DEVELOPMENT_TEAM = "";
				ENABLE_NS_ASSERTIONS = NO;
				ENABLE_STRICT_OBJC_MSGSEND = YES;
				GCC_C_LANGUAGE_STANDARD = gnu11;
				GCC_NO_COMMON_BLOCKS = YES;
				GCC_WARN_64_TO_32_BIT_CONVERSION = YES;
				GCC_WARN_ABOUT_RETURN_TYPE = YES_ERROR;
				GCC_WARN_UNDECLARED_SELECTOR = YES;
				GCC_WARN_UNINITIALIZED_AUTOS = YES_AGGRESSIVE;
				GCC_WARN_UNUSED_FUNCTION = YES;
				GCC_WARN_UNUSED_VARIABLE = YES;
				IPHONEOS_DEPLOYMENT_TARGET = 17.0;
				MTL_ENABLE_DEBUG_INFO = NO;
				MTL_FAST_MATH = YES;
				PRODUCT_NAME = "$(TARGET_NAME)";
				SDKROOT = iphoneos;
				SWIFT_COMPILATION_MODE = wholemodule;
				SWIFT_OPTIMIZATION_LEVEL = "-O";
				SWIFT_VERSION = 5.0;
			};
			name = Release;
		};
		2FB59332B4F68E9DCD898794 /* Debug */ = {
			isa = XCBuildConfiguration;
			buildSettings = {
				BUNDLE_LOADER = "$(TEST_HOST)";
				GENERATE_INFOPLIST_FILE = YES;
				LD_RUNPATH_SEARCH_PATHS = (
					"$(inherited)",
					"@executable_path/Frameworks",
					"@loader_path/Frameworks",
				);
				PRODUCT_BUNDLE_IDENTIFIER = io.github.datadeletionaza.MoReadUITests;
				SDKROOT = iphoneos;
				TARGETED_DEVICE_FAMILY = "1,2";
				TEST_TARGET_NAME = MoRead;
			};
			name = Debug;
		};
		7296B11331C92E0B0B46FB69 /* Release */ = {
			isa = XCBuildConfiguration;
			buildSettings = {
				ASSETCATALOG_COMPILER_APPICON_NAME = AppIcon;
				CODE_SIGN_IDENTITY = "iPhone Developer";
				CURRENT_PROJECT_VERSION = 1;
				GENERATE_INFOPLIST_FILE = NO;
				INFOPLIST_FILE = App/Info.plist;
				LD_RUNPATH_SEARCH_PATHS = (
					"$(inherited)",
					"@executable_path/Frameworks",
				);
				MARKETING_VERSION = 0.1.0;
				PRODUCT_BUNDLE_IDENTIFIER = io.github.datadeletionaza.MoRead;
				SDKROOT = iphoneos;
				TARGETED_DEVICE_FAMILY = "1,2";
			};
			name = Release;
		};
		B05FBE7247B6A58F9079C08E /* Release */ = {
			isa = XCBuildConfiguration;
			buildSettings = {
				BUNDLE_LOADER = "$(TEST_HOST)";
				GENERATE_INFOPLIST_FILE = YES;
				LD_RUNPATH_SEARCH_PATHS = (
					"$(inherited)",
					"@executable_path/Frameworks",
					"@loader_path/Frameworks",
				);
				PRODUCT_BUNDLE_IDENTIFIER = io.github.datadeletionaza.MoReadUITests;
				SDKROOT = iphoneos;
				TARGETED_DEVICE_FAMILY = "1,2";
				TEST_TARGET_NAME = MoRead;
			};
			name = Release;
		};
		B09D27DDA8097840495CE0AA /* Debug */ = {
			isa = XCBuildConfiguration;
			buildSettings = {
				ALWAYS_SEARCH_USER_PATHS = NO;
				CLANG_ANALYZER_NONNULL = YES;
				CLANG_ANALYZER_NUMBER_OBJECT_CONVERSION = YES_AGGRESSIVE;
				CLANG_CXX_LANGUAGE_STANDARD = "gnu++14";
				CLANG_CXX_LIBRARY = "libc++";
				CLANG_ENABLE_MODULES = YES;
				CLANG_ENABLE_OBJC_ARC = YES;
				CLANG_ENABLE_OBJC_WEAK = YES;
				CLANG_WARN_BLOCK_CAPTURE_AUTORELEASING = YES;
				CLANG_WARN_BOOL_CONVERSION = YES;
				CLANG_WARN_COMMA = YES;
				CLANG_WARN_CONSTANT_CONVERSION = YES;
				CLANG_WARN_DEPRECATED_OBJC_IMPLEMENTATIONS = YES;
				CLANG_WARN_DIRECT_OBJC_ISA_USAGE = YES_ERROR;
				CLANG_WARN_DOCUMENTATION_COMMENTS = YES;
				CLANG_WARN_EMPTY_BODY = YES;
				CLANG_WARN_ENUM_CONVERSION = YES;
				CLANG_WARN_INFINITE_RECURSION = YES;
				CLANG_WARN_INT_CONVERSION = YES;
				CLANG_WARN_NON_LITERAL_NULL_CONVERSION = YES;
				CLANG_WARN_OBJC_IMPLICIT_RETAIN_SELF = YES;
				CLANG_WARN_OBJC_LITERAL_CONVERSION = YES;
				CLANG_WARN_OBJC_ROOT_CLASS = YES_ERROR;
				CLANG_WARN_QUOTED_INCLUDE_IN_FRAMEWORK_HEADER = YES;
				CLANG_WARN_RANGE_LOOP_ANALYSIS = YES;
				CLANG_WARN_STRICT_PROTOTYPES = YES;
				CLANG_WARN_SUSPICIOUS_MOVE = YES;
				CLANG_WARN_UNGUARDED_AVAILABILITY = YES_AGGRESSIVE;
				CLANG_WARN_UNREACHABLE_CODE = YES;
				CLANG_WARN__DUPLICATE_METHOD_MATCH = YES;
				CODE_SIGN_STYLE = Automatic;
				COPY_PHASE_STRIP = NO;
				DEBUG_INFORMATION_FORMAT = dwarf;
				DEVELOPMENT_TEAM = "";
				ENABLE_STRICT_OBJC_MSGSEND = YES;
				ENABLE_TESTABILITY = YES;
				GCC_C_LANGUAGE_STANDARD = gnu11;
				GCC_DYNAMIC_NO_PIC = NO;
				GCC_NO_COMMON_BLOCKS = YES;
				GCC_OPTIMIZATION_LEVEL = 0;
				GCC_PREPROCESSOR_DEFINITIONS = (
					"$(inherited)",
					"DEBUG=1",
				);
				GCC_WARN_64_TO_32_BIT_CONVERSION = YES;
				GCC_WARN_ABOUT_RETURN_TYPE = YES_ERROR;
				GCC_WARN_UNDECLARED_SELECTOR = YES;
				GCC_WARN_UNINITIALIZED_AUTOS = YES_AGGRESSIVE;
				GCC_WARN_UNUSED_FUNCTION = YES;
				GCC_WARN_UNUSED_VARIABLE = YES;
				IPHONEOS_DEPLOYMENT_TARGET = 17.0;
				MTL_ENABLE_DEBUG_INFO = INCLUDE_SOURCE;
				MTL_FAST_MATH = YES;
				ONLY_ACTIVE_ARCH = YES;
				PRODUCT_NAME = "$(TARGET_NAME)";
				SDKROOT = iphoneos;
				SWIFT_ACTIVE_COMPILATION_CONDITIONS = DEBUG;
				SWIFT_OPTIMIZATION_LEVEL = "-Onone";
				SWIFT_VERSION = 5.0;
			};
			name = Debug;
		};
		F4EC0CBE7EE82F5209B8941B /* Debug */ = {
			isa = XCBuildConfiguration;
			buildSettings = {
				ASSETCATALOG_COMPILER_APPICON_NAME = AppIcon;
				CODE_SIGN_IDENTITY = "iPhone Developer";
				CURRENT_PROJECT_VERSION = 1;
				GENERATE_INFOPLIST_FILE = NO;
				INFOPLIST_FILE = App/Info.plist;
				LD_RUNPATH_SEARCH_PATHS = (
					"$(inherited)",
					"@executable_path/Frameworks",
				);
				MARKETING_VERSION = 0.1.0;
				PRODUCT_BUNDLE_IDENTIFIER = io.github.datadeletionaza.MoRead;
				SDKROOT = iphoneos;
				TARGETED_DEVICE_FAMILY = "1,2";
			};
			name = Debug;
		};
/* End XCBuildConfiguration section */

/* Begin XCConfigurationList section */
		6F0409CDE64817126787180B /* Build configuration list for PBXNativeTarget "MoRead" */ = {
			isa = XCConfigurationList;
			buildConfigurations = (
				F4EC0CBE7EE82F5209B8941B /* Debug */,
				7296B11331C92E0B0B46FB69 /* Release */,
			);
			defaultConfigurationIsVisible = 0;
			defaultConfigurationName = Debug;
		};
		7C51B0476A9900EA329B9730 /* Build configuration list for PBXNativeTarget "MoReadUITests" */ = {
			isa = XCConfigurationList;
			buildConfigurations = (
				2FB59332B4F68E9DCD898794 /* Debug */,
				B05FBE7247B6A58F9079C08E /* Release */,
			);
			defaultConfigurationIsVisible = 0;
			defaultConfigurationName = Debug;
		};
		98DE7A17425671933F391A73 /* Build configuration list for PBXProject "MoRead" */ = {
			isa = XCConfigurationList;
			buildConfigurations = (
				B09D27DDA8097840495CE0AA /* Debug */,
				24E76DDE61CC46F6547B5B31 /* Release */,
			);
			defaultConfigurationIsVisible = 0;
			defaultConfigurationName = Debug;
		};
/* End XCConfigurationList section */

/* Begin XCLocalSwiftPackageReference section */
		86ED3995099A591A171524CC /* XCLocalSwiftPackageReference "." */ = {
			isa = XCLocalSwiftPackageReference;
			relativePath = .;
		};
/* End XCLocalSwiftPackageReference section */

/* Begin XCRemoteSwiftPackageReference section */
		9E9EE9EB3BCD3F1BAAA3C269 /* XCRemoteSwiftPackageReference "swift-toolkit" */ = {
			isa = XCRemoteSwiftPackageReference;
			repositoryURL = "https://github.com/readium/swift-toolkit.git";
			requirement = {
				kind = exactVersion;
				version = 3.8.0;
			};
		};
/* End XCRemoteSwiftPackageReference section */

/* Begin XCSwiftPackageProductDependency section */
		1E5D54D0D74742D43FD22580 /* ReadiumNavigator */ = {
			isa = XCSwiftPackageProductDependency;
			package = 9E9EE9EB3BCD3F1BAAA3C269 /* XCRemoteSwiftPackageReference "swift-toolkit" */;
			productName = ReadiumNavigator;
		};
		273B7BD2FBC9672415970DB2 /* ReadiumStreamer */ = {
			isa = XCSwiftPackageProductDependency;
			package = 9E9EE9EB3BCD3F1BAAA3C269 /* XCRemoteSwiftPackageReference "swift-toolkit" */;
			productName = ReadiumStreamer;
		};
		2F6DDCCD83B86E80F1E0E726 /* ReadiumShared */ = {
			isa = XCSwiftPackageProductDependency;
			package = 9E9EE9EB3BCD3F1BAAA3C269 /* XCRemoteSwiftPackageReference "swift-toolkit" */;
			productName = ReadiumShared;
		};
		38BD1D23C9915BE266F16756 /* MoReadCore */ = {
			isa = XCSwiftPackageProductDependency;
			productName = MoReadCore;
		};
/* End XCSwiftPackageProductDependency section */
	};
	rootObject = 0ABE5A17538C76DC53F45029 /* Project object */;
}
